
Microsoft Visual Studio Solution File, Format Version 12.00
# Visual Studio Version 16
VisualStudioVersion = 16.0.30517.126
MinimumVisualStudioVersion = 10.0.40219.1
Project("{FAE04EC0-301F-11D3-BF4B-00C04F79EFBC}") = "BinarySearchTree", "BinarySearchTree\BinarySearchTree.csproj", "{AB8ABC17-E912-4253-8B39-BB31F3D1CDB8}"
EndProject
Global
	GlobalSection(SolutionConfigurationPlatforms) = preSolution
		Debug|Any CPU = Debug|Any CPU
		Release|Any CPU = Release|Any CPU
	EndGlobalSection
	GlobalSection(ProjectConfigurationPlatforms) = postSolution
		{AB8ABC17-E912-4253-8B39-BB31F3D1CDB8}.Debug|Any CPU.ActiveCfg = Debug|Any CPU
		{AB8ABC17-E912-4253-8B39-BB31F3D1CDB8}.Debug|Any CPU.Build.0 = Debug|Any CPU
		{AB8ABC17-E912-4253-8B39-BB31F3D1CDB8}.Release|Any CPU.ActiveCfg = Release|Any CPU
		{AB8ABC17-E912-4253-8B39-BB31F3D1CDB8}.Release|Any CPU.Build.0 = Release|Any CPU
	EndGlobalSection
	GlobalSection(SolutionProperties) = preSolution
		HideSolutionNode = FALSE
	EndGlobalSection
	GlobalSection(ExtensibilityGlobals) = postSolution
		SolutionGuid = {BCDF0594-A9FB-4CD6-9FDB-B272A91D1957}
	EndGlobalSection
EndGlobal
